{
  "name": "fullstack",
  "lockfileVersion": 3,
  "requires": true,
  "packages": {
    "": {
      "dependencies": {
        "@tanstack/react-router": "^1.168.10",
        "bcryptjs": "^3.0.3"
      }
    },
    "node_modules/@tanstack/history": {
      "version": "1.161.6",
      "resolved": "https://registry.npmjs.org/@tanstack/history/-/history-1.161.6.tgz",
      "integrity": "sha512-NaOGLRrddszbQj9upGat6HG/4TKvXLvu+osAIgfxPYA+eIvYKv8GKDJOrY2D3/U9MRnKfMWD7bU4jeD4xmqyIg==",
      "license": "MIT",
      "engines": {
        "node": ">=20.19"
      },
      "funding": {
        "type": "github",
        "url": "https://github.com/sponsors/tannerlinsley"
      }
    },
    "node_modules/@tanstack/react-router": {
      "version": "1.168.10",
      "resolved": "https://registry.npmjs.org/@tanstack/react-router/-/react-router-1.168.10.tgz",
      "integrity": "sha512-/RmDlOwDkCug609KdPB3U+U1zmrtadJpvsmRg2zEn8TRCKRNri7dYZIjQZbNg8PgUiRL4T6njrZBV1ChzblNaA==",
      "license": "MIT",
      "dependencies": {
        "@tanstack/history": "1.161.6",
        "@tanstack/react-store": "^0.9.3",
        "@tanstack/router-core": "1.168.9",
        "isbot": "^5.1.22"
      },
      "engines": {
        "node": ">=20.19"
      },
      "funding": {
        "type": "github",
        "url": "https://github.com/sponsors/tannerlinsley"
      },
      "peerDependencies": {
        "react": ">=18.0.0 || >=19.0.0",
        "react-dom": ">=18.0.0 || >=19.0.0"
      }
    },
    "node_modules/@tanstack/react-store": {
      "version": "0.9.3",
      "resolved": "https://registry.npmjs.org/@tanstack/react-store/-/react-store-0.9.3.tgz",
      "integrity": "sha512-y2iHd/N9OkoQbFJLUX1T9vbc2O9tjH0pQRgTcx1/Nz4IlwLvkgpuglXUx+mXt0g5ZDFrEeDnONPqkbfxXJKwRg==",
      "license": "MIT",
      "dependencies": {
        "@tanstack/store": "0.9.3",
        "use-sync-external-store": "^1.6.0"
      },
      "funding": {
        "type": "github",
        "url": "https://github.com/sponsors/tannerlinsley"
      },
      "peerDependencies": {
        "react": "^16.8.0 || ^17.0.0 || ^18.0.0 || ^19.0.0",
        "react-dom": "^16.8.0 || ^17.0.0 || ^18.0.0 || ^19.0.0"
      }
    },
    "node_modules/@tanstack/router-core": {
      "version": "1.168.9",
      "resolved": "https://registry.npmjs.org/@tanstack/router-core/-/router-core-1.168.9.tgz",
      "integrity": "sha512-18oeEwEDyXOIuO1VBP9ACaK7tYHZUjynGDCoUh/5c/BNhia9vCJCp9O0LfhZXOorDc/PmLSgvmweFhVmIxF10g==",
      "license": "MIT",
      "dependencies": {
        "@tanstack/history": "1.161.6",
        "cookie-es": "^2.0.0",
        "seroval": "^1.4.2",
        "seroval-plugins": "^1.4.2"
      },
      "bin": {
        "intent": "bin/intent.js"
      },
      "engines": {
        "node": ">=20.19"
      },
      "funding": {
        "type": "github",
        "url": "https://github.com/sponsors/tannerlinsley"
      }
    },
    "node_modules/@tanstack/store": {
      "version": "0.9.3",
      "resolved": "https://registry.npmjs.org/@tanstack/store/-/store-0.9.3.tgz",
      "integrity": "sha512-8reSzl/qGWGGVKhBoxXPMWzATSbZLZFWhwBAFO9NAyp0TxzfBP0mIrGb8CP8KrQTmvzXlR/vFPPUrHTLBGyFyw==",
      "license": "MIT",
      "funding": {
        "type": "github",
        "url": "https://github.com/sponsors/tannerlinsley"
      }
    },
    "node_modules/bcryptjs": {
      "version": "3.0.3",
      "resolved": "https://registry.npmjs.org/bcryptjs/-/bcryptjs-3.0.3.tgz",
      "integrity": "sha512-GlF5wPWnSa/X5LKM1o0wz0suXIINz1iHRLvTS+sLyi7XPbe5ycmYI3DlZqVGZZtDgl4DmasFg7gOB3JYbphV5g==",
      "license": "BSD-3-Clause",
      "bin": {
        "bcrypt": "bin/bcrypt"
      }
    },
    "node_modules/cookie-es": {
      "version": "2.0.1",
      "resolved": "https://registry.npmjs.org/cookie-es/-/cookie-es-2.0.1.tgz",
      "integrity": "sha512-aVf4A4hI2w70LnF7GG+7xDQUkliwiXWXFvTjkip4+b64ygDQ2sJPRSKFDHbxn8o0xu9QzPkMuuiWIXyFSE2slA==",
      "license": "MIT"
    },
    "node_modules/isbot": {
      "version": "5.1.37",
      "resolved": "https://registry.npmjs.org/isbot/-/isbot-5.1.37.tgz",
      "integrity": "sha512-5bcicX81xf6NlTEV8rWdg7Pk01LFizDetuYGHx6d/f6y3lR2/oo8IfxjzJqn1UdDEyCcwT9e7NRloj8DwCYujQ==",
      "license": "Unlicense",
      "engines": {
        "node": ">=18"
      }
    },
    "node_modules/react": {
      "version": "19.2.4",
      "resolved": "https://registry.npmjs.org/react/-/react-19.2.4.tgz",
      "integrity": "sha512-9nfp2hYpCwOjAN+8TZFGhtWEwgvWHXqESH8qT89AT/lWklpLON22Lc8pEtnpsZz7VmawabSU0gCjnj8aC0euHQ==",
      "license": "MIT",
      "peer": true,
      "engines": {
        "node": ">=0.10.0"
      }
    },
    "node_modules/react-dom": {
      "version": "19.2.4",
      "resolved": "https://registry.npmjs.org/react-dom/-/react-dom-19.2.4.tgz",
      "integrity": "sha512-AXJdLo8kgMbimY95O2aKQqsz2iWi9jMgKJhRBAxECE4IFxfcazB2LmzloIoibJI3C12IlY20+KFaLv+71bUJeQ==",
      "license": "MIT",
      "peer": true,
      "dependencies": {
        "scheduler": "^0.27.0"
      },
      "peerDependencies": {
        "react": "^19.2.4"
      }
    },
    "node_modules/scheduler": {
      "version": "0.27.0",
      "resolved": "https://registry.npmjs.org/scheduler/-/scheduler-0.27.0.tgz",
      "integrity": "sha512-eNv+WrVbKu1f3vbYJT/xtiF5syA5HPIMtf9IgY/nKg0sWqzAUEvqY/xm7OcZc/qafLx/iO9FgOmeSAp4v5ti/Q==",
      "license": "MIT",
      "peer": true
    },
    "node_modules/seroval": {
      "version": "1.5.2",
      "resolved": "https://registry.npmjs.org/seroval/-/seroval-1.5.2.tgz",
      "integrity": "sha512-xcRN39BdsnO9Tf+VzsE7b3JyTJASItIV1FVFewJKCFcW4s4haIKS3e6vj8PGB9qBwC7tnuOywQMdv5N4qkzi7Q==",
      "license": "MIT",
      "engines": {
        "node": ">=10"
      }
    },
    "node_modules/seroval-plugins": {
      "version": "1.5.2",
      "resolved": "https://registry.npmjs.org/seroval-plugins/-/seroval-plugins-1.5.2.tgz",
      "integrity": "sha512-qpY0Cl+fKYFn4GOf3cMiq6l72CpuVaawb6ILjubOQ+diJ54LfOWaSSPsaswN8DRPIPW4Yq+tE1k5aKd7ILyaFg==",
      "license": "MIT",
      "engines": {
        "node": ">=10"
      },
      "peerDependencies": {
        "seroval": "^1.0"
      }
    },
    "node_modules/use-sync-external-store": {
      "version": "1.6.0",
      "resolved": "https://registry.npmjs.org/use-sync-external-store/-/use-sync-external-store-1.6.0.tgz",
      "integrity": "sha512-Pp6GSwGP/NrPIrxVFAIkOQeyw8lFenOHijQWkUTrDvrF4ALqylP2C/KCkeS9dpUM3KvYRQhna5vt7IL95+ZQ9w==",
      "license": "MIT",
      "peerDependencies": {
        "react": "^16.8.0 || ^17.0.0 || ^18.0.0 || ^19.0.0"
      }
    }
  }
}
